
Microsoft Visual Studio Solution File, Format Version 12.00
# Visual Studio Version 16
VisualStudioVersion = 25.0.1706.8
MinimumVisualStudioVersion = 10.0.40219.1
Project("{FAE04EC0-301F-11D3-BF4B-00C04F79EFBC}") = "xamarin_to_do_list.Android", "xamarin_to_do_list\xamarin_to_do_list.Android\xamarin_to_do_list.Android.csproj", "{93A884AE-A62D-4A0C-A9ED-30D406D69628}"
EndProject
Project("{FAE04EC0-301F-11D3-BF4B-00C04F79EFBC}") = "xamarin_to_do_list", "xamarin_to_do_list\xamarin_to_do_list\xamarin_to_do_list.csproj", "{B547B16A-ED6E-41B9-B143-B1139B6DACBD}"
EndProject
Global
	GlobalSection(SolutionConfigurationPlatforms) = preSolution
		Debug|Any CPU = Debug|Any CPU
		Release|Any CPU = Release|Any CPU
	EndGlobalSection
	GlobalSection(ProjectConfigurationPlatforms) = postSolution
		{93A884AE-A62D-4A0C-A9ED-30D406D69628}.Debug|Any CPU.ActiveCfg = Debug|Any CPU
		{93A884AE-A62D-4A0C-A9ED-30D406D69628}.Debug|Any CPU.Build.0 = Debug|Any CPU
		{93A884AE-A62D-4A0C-A9ED-30D406D69628}.Release|Any CPU.ActiveCfg = Release|Any CPU
		{93A884AE-A62D-4A0C-A9ED-30D406D69628}.Release|Any CPU.Build.0 = Release|Any CPU
		{B547B16A-ED6E-41B9-B143-B1139B6DACBD}.Debug|Any CPU.ActiveCfg = Debug|Any CPU
		{B547B16A-ED6E-41B9-B143-B1139B6DACBD}.Debug|Any CPU.Build.0 = Debug|Any CPU
		{B547B16A-ED6E-41B9-B143-B1139B6DACBD}.Release|Any CPU.ActiveCfg = Release|Any CPU
		{B547B16A-ED6E-41B9-B143-B1139B6DACBD}.Release|Any CPU.Build.0 = Release|Any CPU
	EndGlobalSection
	GlobalSection(SolutionProperties) = preSolution
		HideSolutionNode = FALSE
	EndGlobalSection
	GlobalSection(ExtensibilityGlobals) = postSolution
		SolutionGuid = {DDFFA40D-4E70-45AE-A973-50F86CE6CC39}
	EndGlobalSection
EndGlobal
